
Microsoft Visual Studio Solution File, Format Version 12.00
# Visual Studio Version 17
VisualStudioVersion = 17.8.34322.80
MinimumVisualStudioVersion = 10.0.40219.1
Project("{9A19103F-16F7-4668-BE54-9A1E7A4F7556}") = "API", "API\API.csproj", "{A0923CBC-3624-4578-8AB1-F80158F28FBE}"
EndProject
Project("{9A19103F-16F7-4668-BE54-9A1E7A4F7556}") = "Data", "Data\Data.csproj", "{27901450-6DF8-44F7-A096-963CC2C41E57}"
EndProject
Project("{9A19103F-16F7-4668-BE54-9A1E7A4F7556}") = "Blazor", "Blazor\Blazor.csproj", "{D8968B72-21B5-405B-96C4-B83C088AD580}"
EndProject
Global
	GlobalSection(SolutionConfigurationPlatforms) = preSolution
		Debug|Any CPU = Debug|Any CPU
		Release|Any CPU = Release|Any CPU
	EndGlobalSection
	GlobalSection(ProjectConfigurationPlatforms) = postSolution
		{A0923CBC-3624-4578-8AB1-F80158F28FBE}.Debug|Any CPU.ActiveCfg = Debug|Any CPU
		{A0923CBC-3624-4578-8AB1-F80158F28FBE}.Debug|Any CPU.Build.0 = Debug|Any CPU
		{A0923CBC-3624-4578-8AB1-F80158F28FBE}.Release|Any CPU.ActiveCfg = Release|Any CPU
		{A0923CBC-3624-4578-8AB1-F80158F28FBE}.Release|Any CPU.Build.0 = Release|Any CPU
		{27901450-6DF8-44F7-A096-963CC2C41E57}.Debug|Any CPU.ActiveCfg = Debug|Any CPU
		{27901450-6DF8-44F7-A096-963CC2C41E57}.Debug|Any CPU.Build.0 = Debug|Any CPU
		{27901450-6DF8-44F7-A096-963CC2C41E57}.Release|Any CPU.ActiveCfg = Release|Any CPU
		{27901450-6DF8-44F7-A096-963CC2C41E57}.Release|Any CPU.Build.0 = Release|Any CPU
		{D8968B72-21B5-405B-96C4-B83C088AD580}.Debug|Any CPU.ActiveCfg = Debug|Any CPU
		{D8968B72-21B5-405B-96C4-B83C088AD580}.Debug|Any CPU.Build.0 = Debug|Any CPU
		{D8968B72-21B5-405B-96C4-B83C088AD580}.Release|Any CPU.ActiveCfg = Release|Any CPU
		{D8968B72-21B5-405B-96C4-B83C088AD580}.Release|Any CPU.Build.0 = Release|Any CPU
	EndGlobalSection
	GlobalSection(SolutionProperties) = preSolution
		HideSolutionNode = FALSE
	EndGlobalSection
	GlobalSection(ExtensibilityGlobals) = postSolution
		SolutionGuid = {BE9755E4-641D-4353-9318-250DD77DD195}
	EndGlobalSection
EndGlobal
